Microsoft Visual Studio Solution File, Format Version 12.00
# Visual Studio Version 17
VisualStudioVersion = 17.0.31903.59
MinimumVisualStudioVersion = 10.0.40219.1
Project("{8BC9CEB8-8B4A-11D0-8D11-00A0C91BC942}") = "HTS_T6_SIM_Test", "HTS_TEST\t6_sim\HTS_T6_SIM_Test.vcxproj", "{1A2B3C4D-5E6F-7890-ABCD-EF123456789A}"
EndProject
Project("{8BC9CEB8-8B4A-11D0-8D11-00A0C91BC942}") = "HTS_LIM", "HTS_LIM\HTS_LIM.vcxproj", "{9BD2F8C7-315E-4373-83D5-3357F259718E}"
EndProject
Project("{8BC9CEB8-8B4A-11D0-8D11-00A0C91BC942}") = "HTS_검증_KCMVP", "HTS_TEST\HTS_검증_KCMVP.vcxproj", "{A1B2C3D4-E5F6-7890-ABCD-EF1234567890}"
EndProject
Project("{8BC9CEB8-8B4A-11D0-8D11-00A0C91BC942}") = "HTS_검증_종합재밍", "HTS_TEST\HTS_검증_종합재밍.vcxproj", "{B2C3D4E5-F6A7-8901-BCDE-F12345678901}"
EndProject
Project("{8BC9CEB8-8B4A-11D0-8D11-00A0C91BC942}") = "HTS_검증_AMI", "HTS_TEST\HTS_검증_AMI.vcxproj", "{C3D4E5F6-A7B8-9012-CDEF-123456789012}"
EndProject
Project("{8BC9CEB8-8B4A-11D0-8D11-00A0C91BC942}") = "HTS_검증_AMI_Barrage30_Spec", "HTS_TEST\HTS_검증_AMI_Barrage30_Spec.vcxproj", "{D5E6F708-D0E1-2345-F012-456789012345}"
EndProject
Global
	GlobalSection(SolutionConfigurationPlatforms) = preSolution
		Debug|x64 = Debug|x64
		Release|x64 = Release|x64
		Debug|Win32 = Debug|Win32
		Release|Win32 = Release|Win32
	EndGlobalSection
	GlobalSection(ProjectConfigurationPlatforms) = postSolution
		{1A2B3C4D-5E6F-7890-ABCD-EF123456789A}.Debug|x64.ActiveCfg = Debug|x64
		{1A2B3C4D-5E6F-7890-ABCD-EF123456789A}.Debug|x64.Build.0 = Debug|x64
		{1A2B3C4D-5E6F-7890-ABCD-EF123456789A}.Release|x64.ActiveCfg = Release|x64
		{1A2B3C4D-5E6F-7890-ABCD-EF123456789A}.Release|x64.Build.0 = Release|x64
		{1A2B3C4D-5E6F-7890-ABCD-EF123456789A}.Debug|Win32.ActiveCfg = Debug|Win32
		{1A2B3C4D-5E6F-7890-ABCD-EF123456789A}.Debug|Win32.Build.0 = Debug|Win32
		{1A2B3C4D-5E6F-7890-ABCD-EF123456789A}.Release|Win32.ActiveCfg = Release|Win32
		{1A2B3C4D-5E6F-7890-ABCD-EF123456789A}.Release|Win32.Build.0 = Release|Win32
		{9BD2F8C7-315E-4373-83D5-3357F259718E}.Debug|x64.ActiveCfg = Debug|x64
		{9BD2F8C7-315E-4373-83D5-3357F259718E}.Debug|x64.Build.0 = Debug|x64
		{9BD2F8C7-315E-4373-83D5-3357F259718E}.Release|x64.ActiveCfg = Release|x64
		{9BD2F8C7-315E-4373-83D5-3357F259718E}.Release|x64.Build.0 = Release|x64
		{9BD2F8C7-315E-4373-83D5-3357F259718E}.Debug|Win32.ActiveCfg = Debug|Win32
		{9BD2F8C7-315E-4373-83D5-3357F259718E}.Debug|Win32.Build.0 = Debug|Win32
		{9BD2F8C7-315E-4373-83D5-3357F259718E}.Release|Win32.ActiveCfg = Release|Win32
		{9BD2F8C7-315E-4373-83D5-3357F259718E}.Release|Win32.Build.0 = Release|Win32
		{A1B2C3D4-E5F6-7890-ABCD-EF1234567890}.Debug|x64.ActiveCfg = Debug|x64
		{A1B2C3D4-E5F6-7890-ABCD-EF1234567890}.Debug|x64.Build.0 = Debug|x64
		{A1B2C3D4-E5F6-7890-ABCD-EF1234567890}.Release|x64.ActiveCfg = Release|x64
		{A1B2C3D4-E5F6-7890-ABCD-EF1234567890}.Release|x64.Build.0 = Release|x64
		{A1B2C3D4-E5F6-7890-ABCD-EF1234567890}.Debug|Win32.ActiveCfg = Debug|Win32
		{A1B2C3D4-E5F6-7890-ABCD-EF1234567890}.Debug|Win32.Build.0 = Debug|Win32
		{A1B2C3D4-E5F6-7890-ABCD-EF1234567890}.Release|Win32.ActiveCfg = Release|Win32
		{A1B2C3D4-E5F6-7890-ABCD-EF1234567890}.Release|Win32.Build.0 = Release|Win32
		{B2C3D4E5-F6A7-8901-BCDE-F12345678901}.Debug|x64.ActiveCfg = Debug|x64
		{B2C3D4E5-F6A7-8901-BCDE-F12345678901}.Debug|x64.Build.0 = Debug|x64
		{B2C3D4E5-F6A7-8901-BCDE-F12345678901}.Release|x64.ActiveCfg = Release|x64
		{B2C3D4E5-F6A7-8901-BCDE-F12345678901}.Release|x64.Build.0 = Release|x64
		{B2C3D4E5-F6A7-8901-BCDE-F12345678901}.Debug|Win32.ActiveCfg = Debug|Win32
		{B2C3D4E5-F6A7-8901-BCDE-F12345678901}.Debug|Win32.Build.0 = Debug|Win32
		{B2C3D4E5-F6A7-8901-BCDE-F12345678901}.Release|Win32.ActiveCfg = Release|Win32
		{B2C3D4E5-F6A7-8901-BCDE-F12345678901}.Release|Win32.Build.0 = Release|Win32
		{C3D4E5F6-A7B8-9012-CDEF-123456789012}.Debug|x64.ActiveCfg = Debug|x64
		{C3D4E5F6-A7B8-9012-CDEF-123456789012}.Debug|x64.Build.0 = Debug|x64
		{C3D4E5F6-A7B8-9012-CDEF-123456789012}.Release|x64.ActiveCfg = Release|x64
		{C3D4E5F6-A7B8-9012-CDEF-123456789012}.Release|x64.Build.0 = Release|x64
		{C3D4E5F6-A7B8-9012-CDEF-123456789012}.Debug|Win32.ActiveCfg = Debug|Win32
		{C3D4E5F6-A7B8-9012-CDEF-123456789012}.Debug|Win32.Build.0 = Debug|Win32
		{C3D4E5F6-A7B8-9012-CDEF-123456789012}.Release|Win32.ActiveCfg = Release|Win32
		{C3D4E5F6-A7B8-9012-CDEF-123456789012}.Release|Win32.Build.0 = Release|Win32
		{D5E6F708-D0E1-2345-F012-456789012345}.Debug|x64.ActiveCfg = Debug|x64
		{D5E6F708-D0E1-2345-F012-456789012345}.Debug|x64.Build.0 = Debug|x64
		{D5E6F708-D0E1-2345-F012-456789012345}.Release|x64.ActiveCfg = Release|x64
		{D5E6F708-D0E1-2345-F012-456789012345}.Release|x64.Build.0 = Release|x64
		{D5E6F708-D0E1-2345-F012-456789012345}.Debug|Win32.ActiveCfg = Debug|Win32
		{D5E6F708-D0E1-2345-F012-456789012345}.Debug|Win32.Build.0 = Debug|Win32
		{D5E6F708-D0E1-2345-F012-456789012345}.Release|Win32.ActiveCfg = Release|Win32
		{D5E6F708-D0E1-2345-F012-456789012345}.Release|Win32.Build.0 = Release|Win32
	EndGlobalSection
	GlobalSection(SolutionProperties) = preSolution
		HideSolutionNode = FALSE
	EndGlobalSection
EndGlobal
