<?xml version="1.0" encoding="utf-8"?>
<Project ToolsVersion="4.0" xmlns="http://schemas.microsoft.com/developer/msbuild/2003">
  <ItemGroup>
    <Filter Include="소스 파일">
      <UniqueIdentifier>{4FC737F1-C7A5-4376-A066-2A32D752A2FF}</UniqueIdentifier>
      <Extensions>cpp;c;cc;cxx;c++;cppm;ixx;def;odl;idl;hpj;bat;asm;asmx</Extensions>
    </Filter>
    <Filter Include="헤더 파일">
      <UniqueIdentifier>{93995380-89BD-4b04-88EB-625FBE52EBFB}</UniqueIdentifier>
      <Extensions>h;hh;hpp;hxx;h++;hm;inl;inc;ipp;xsd</Extensions>
    </Filter>
    <Filter Include="리소스 파일">
      <UniqueIdentifier>{67DA6AB6-F800-4c08-8B7A-83BB121AAD01}</UniqueIdentifier>
      <Extensions>rc;ico;cur;bmp;dlg;rc2;rct;bin;rgs;gif;jpg;jpeg;jpe;resx;tiff;tif;png;wav;mfcribbon-ms</Extensions>
    </Filter>
  </ItemGroup>
  <ItemGroup>
    <ClCompile Include="..\HTS_TEST\PLUTO_SDR\HTS_Pluto_Test.cpp">
      <Filter>소스 파일</Filter>
    </ClCompile>
  </ItemGroup>
  <ItemGroup>
    <ClInclude Include="..\HTS_TEST\PLUTO_SDR\HTS_BitOps.h">
      <Filter>헤더 파일</Filter>
    </ClInclude>
    <ClInclude Include="..\HTS_TEST\PLUTO_SDR\HTS_DWT_Profiler.h">
      <Filter>헤더 파일</Filter>
    </ClInclude>
    <ClInclude Include="..\HTS_LIM\HTS_FEC_HARQ.hpp">
      <Filter>헤더 파일</Filter>
    </ClInclude>
    <ClInclude Include="..\HTS_LIM\HTS_Polar_Codec.h">
      <Filter>헤더 파일</Filter>
    </ClInclude>
    <ClInclude Include="..\HTS_TEST\PLUTO_SDR\HTS_RF_Metrics.h">
      <Filter>헤더 파일</Filter>
    </ClInclude>
    <ClInclude Include="..\HTS_LIM\HTS_Secure_Memory.h">
      <Filter>헤더 파일</Filter>
    </ClInclude>
    <ClInclude Include="..\HTS_LIM\HTS_TPC_Controller.h">
      <Filter>헤더 파일</Filter>
    </ClInclude>
    <ClInclude Include="..\HTS_LIM\HTS_V400_Dispatcher.hpp">
      <Filter>헤더 파일</Filter>
    </ClInclude>
    <ClInclude Include="..\HTS_LIM\HTS_Holo_LPI.h">
      <Filter>헤더 파일</Filter>
    </ClInclude>
  </ItemGroup>
  <ItemGroup>
    <None Include="..\HTS_TEST\PLUTO_SDR\HTS_검증_PLUTO_SDR.vcxproj" />
  </ItemGroup>
</Project>