<?xml version="1.0" encoding="utf-8"?>
<Project ToolsVersion="4.0" xmlns="http://schemas.microsoft.com/developer/msbuild/2003">
  <ItemGroup>
    <Filter Include="소스 파일">
      <UniqueIdentifier>{4FC737F1-C7A5-4376-A066-2A32D752A2FF}</UniqueIdentifier>
      <Extensions>cpp;c;cc;cxx;c++;cppm;ixx;def;odl;idl;hpj;bat;asm;asmx</Extensions>
    </Filter>
    <Filter Include="헤더 파일">
      <UniqueIdentifier>{93995380-89BD-4b04-88EB-625FBE52EBFB}</UniqueIdentifier>
      <Extensions>h;hh;hpp;hxx;h++;hm;inl;inc;ipp;xsd</Extensions>
    </Filter>
    <Filter Include="메인트리_복사본">
      <UniqueIdentifier>{a1b2c3d4-e5f6-7890-abcd-ef1234567890}</UniqueIdentifier>
    </Filter>
  </ItemGroup>
  <ItemGroup>
    <ClInclude Include="HTS_Clopper_Pearson.hpp">
      <Filter>헤더 파일</Filter>
    </ClInclude>
    <ClInclude Include="HTS_Jammer_STD.hpp">
      <Filter>헤더 파일</Filter>
    </ClInclude>
    <ClInclude Include="HTS_MC_Runner.hpp">
      <Filter>헤더 파일</Filter>
    </ClInclude>
    <ClInclude Include="HTS_BitOps.h">
      <Filter>메인트리_복사본</Filter>
    </ClInclude>
    <ClInclude Include="HTS_CFO_Compensator.h">
      <Filter>메인트리_복사본</Filter>
    </ClInclude>
    <ClInclude Include="HTS_DWT_Profiler.h">
      <Filter>메인트리_복사본</Filter>
    </ClInclude>
    <ClInclude Include="HTS_FEC_HARQ.hpp">
      <Filter>메인트리_복사본</Filter>
    </ClInclude>
    <ClInclude Include="HTS_Holo_LPI.h">
      <Filter>메인트리_복사본</Filter>
    </ClInclude>
    <ClInclude Include="HTS_Polar_Codec.h">
      <Filter>메인트리_복사본</Filter>
    </ClInclude>
    <ClInclude Include="HTS_Preamble_AGC.h">
      <Filter>메인트리_복사본</Filter>
    </ClInclude>
    <ClInclude Include="HTS_RF_Metrics.h">
      <Filter>메인트리_복사본</Filter>
    </ClInclude>
    <ClInclude Include="HTS_Secure_Memory.h">
      <Filter>메인트리_복사본</Filter>
    </ClInclude>
    <ClInclude Include="HTS_Session_Gateway.hpp">
      <Filter>메인트리_복사본</Filter>
    </ClInclude>
    <ClInclude Include="HTS_TPC_Controller.h">
      <Filter>메인트리_복사본</Filter>
    </ClInclude>
    <ClInclude Include="..\HTS_LIM\HTS_V400_Dispatcher.hpp">
      <Filter>메인트리_복사본</Filter>
    </ClInclude>
    <ClInclude Include="HTS_Walsh_Row_Converter.hpp">
      <Filter>메인트리_복사본</Filter>
    </ClInclude>
    <ClInclude Include="HTS_Walsh_Row_Permuter.hpp">
      <Filter>메인트리_복사본</Filter>
    </ClInclude>
  </ItemGroup>
  <ItemGroup>
    <ClCompile Include="HTS_Harq_Matrix_Main.cpp">
      <Filter>소스 파일</Filter>
    </ClCompile>
    <ClCompile Include="HTS_Jammer_STD.cpp">
      <Filter>소스 파일</Filter>
    </ClCompile>
    <ClCompile Include="HTS_Session_Derive_Stub.cpp">
      <Filter>소스 파일</Filter>
    </ClCompile>
    <ClCompile Include="HTS_FEC_HARQ.cpp">
      <Filter>메인트리_복사본</Filter>
    </ClCompile>
    <ClCompile Include="HTS_Holo_LPI.cpp">
      <Filter>메인트리_복사본</Filter>
    </ClCompile>
    <ClCompile Include="HTS_Polar_Codec.cpp">
      <Filter>메인트리_복사본</Filter>
    </ClCompile>
    <ClCompile Include="HTS_Secure_Memory.cpp">
      <Filter>메인트리_복사본</Filter>
    </ClCompile>
    <ClCompile Include="..\HTS_LIM\HTS_V400_Dispatcher_Core.cpp">
      <Filter>메인트리_복사본</Filter>
    </ClCompile>
    <ClCompile Include="..\HTS_LIM\HTS_V400_Dispatcher_Sync_PSLTE.cpp">
      <Filter>메인트리_복사본</Filter>
    </ClCompile>
    <ClCompile Include="..\HTS_LIM\HTS_V400_Dispatcher_Payload.cpp">
      <Filter>메인트리_복사본</Filter>
    </ClCompile>
    <ClCompile Include="..\HTS_LIM\HTS_V400_Dispatcher_TX.cpp">
      <Filter>메인트리_복사본</Filter>
    </ClCompile>
    <ClCompile Include="..\HTS_LIM\HTS_V400_Dispatcher_Decode.cpp">
      <Filter>메인트리_복사본</Filter>
    </ClCompile>
    <ClCompile Include="HTS_Walsh_Row_Converter.cpp">
      <Filter>메인트리_복사본</Filter>
    </ClCompile>
    <ClCompile Include="HTS_Walsh_Row_Permuter.cpp">
      <Filter>메인트리_복사본</Filter>
    </ClCompile>
  </ItemGroup>
</Project>
